<?xml version="1.0" encoding="utf-8"?>
<Project ToolsVersion="4.0" xmlns="http://schemas.microsoft.com/developer/msbuild/2003">
  <ItemGroup>
    <Filter Include="소스 파일">
      <UniqueIdentifier>{4FC737F1-C7A5-4376-A066-2A32D752A2FF}</UniqueIdentifier>
      <Extensions>cpp;c;cc;cxx;def;odl;idl;hpj;bat;asm;asmx</Extensions>
    </Filter>
    <Filter Include="헤더 파일">
      <UniqueIdentifier>{93995380-89BD-4b04-88EB-625FBE52EBFB}</UniqueIdentifier>
      <Extensions>h;hh;hpp;hxx;hm;inl;inc;ipp;xsd</Extensions>
    </Filter>
    <Filter Include="리소스 파일">
      <UniqueIdentifier>{67DA6AB6-F800-4c08-8B7A-83BB121AAD01}</UniqueIdentifier>
      <Extensions>rc;ico;cur;bmp;dlg;rc2;rct;bin;rgs;gif;jpg;jpeg;jpe;resx;tiff;tif;png;wav;mfcribbon-ms</Extensions>
    </Filter>
  </ItemGroup>
  <ItemGroup>
    <ClInclude Include="term.h">
      <Filter>헤더 파일</Filter>
    </ClInclude>
    <ClInclude Include="termDlg.h">
      <Filter>헤더 파일</Filter>
    </ClInclude>
    <ClInclude Include="stdafx.h">
      <Filter>헤더 파일</Filter>
    </ClInclude>
    <ClInclude Include="targetver.h">
      <Filter>헤더 파일</Filter>
    </ClInclude>
    <ClInclude Include="Resource.h">
      <Filter>헤더 파일</Filter>
    </ClInclude>
    <ClInclude Include="Zone.h">
      <Filter>헤더 파일</Filter>
    </ClInclude>
    <ClInclude Include="Player.h">
      <Filter>헤더 파일</Filter>
    </ClInclude>
    <ClInclude Include="Board.h">
      <Filter>헤더 파일</Filter>
    </ClInclude>
    <ClInclude Include="Dice.h">
      <Filter>헤더 파일</Filter>
    </ClInclude>
    <ClInclude Include="ItemCard.h">
      <Filter>헤더 파일</Filter>
    </ClInclude>
    <ClInclude Include="butdlg.h">
      <Filter>헤더 파일</Filter>
    </ClInclude>
    <ClInclude Include="trippdlg.h">
      <Filter>헤더 파일</Filter>
    </ClInclude>
    <ClInclude Include="takedlg.h">
      <Filter>헤더 파일</Filter>
    </ClInclude>
  </ItemGroup>
  <ItemGroup>
    <ClCompile Include="term.cpp">
      <Filter>소스 파일</Filter>
    </ClCompile>
    <ClCompile Include="stdafx.cpp">
      <Filter>소스 파일</Filter>
    </ClCompile>
    <ClCompile Include="Board.cpp">
      <Filter>소스 파일</Filter>
    </ClCompile>
    <ClCompile Include="Dice.cpp">
      <Filter>소스 파일</Filter>
    </ClCompile>
    <ClCompile Include="ItemCard.cpp">
      <Filter>소스 파일</Filter>
    </ClCompile>
    <ClCompile Include="Player.cpp">
      <Filter>소스 파일</Filter>
    </ClCompile>
    <ClCompile Include="Zone.cpp">
      <Filter>소스 파일</Filter>
    </ClCompile>
    <ClCompile Include="butdlg.cpp">
      <Filter>소스 파일</Filter>
    </ClCompile>
    <ClCompile Include="termDlg.cpp">
      <Filter>소스 파일</Filter>
    </ClCompile>
    <ClCompile Include="trippdlg.cpp">
      <Filter>소스 파일</Filter>
    </ClCompile>
    <ClCompile Include="takedlg.cpp">
      <Filter>소스 파일</Filter>
    </ClCompile>
  </ItemGroup>
  <ItemGroup>
    <ResourceCompile Include="term.rc">
      <Filter>리소스 파일</Filter>
    </ResourceCompile>
  </ItemGroup>
  <ItemGroup>
    <None Include="res\term.rc2">
      <Filter>리소스 파일</Filter>
    </None>
  </ItemGroup>
  <ItemGroup>
    <Image Include="res\term.ico">
      <Filter>리소스 파일</Filter>
    </Image>
    <Image Include="..\player1.bmp">
      <Filter>리소스 파일</Filter>
    </Image>
    <Image Include="..\player2.bmp">
      <Filter>리소스 파일</Filter>
    </Image>
    <Image Include="..\player3.bmp">
      <Filter>리소스 파일</Filter>
    </Image>
    <Image Include="..\player4.bmp">
      <Filter>리소스 파일</Filter>
    </Image>
    <Image Include="..\bitmap1.bmp">
      <Filter>리소스 파일</Filter>
    </Image>
    <Image Include="..\andong.bmp">
      <Filter>리소스 파일</Filter>
    </Image>
    <Image Include="..\andong2.bmp">
      <Filter>리소스 파일</Filter>
    </Image>
    <Image Include="..\seoulp.bmp">
      <Filter>리소스 파일</Filter>
    </Image>
    <Image Include="..\seoulp2.bmp">
      <Filter>리소스 파일</Filter>
    </Image>
    <Image Include="..\prisin.bmp">
      <Filter>리소스 파일</Filter>
    </Image>
    <Image Include="..\incheonp.bmp">
      <Filter>리소스 파일</Filter>
    </Image>
    <Image Include="..\daecheon.bmp">
      <Filter>리소스 파일</Filter>
    </Image>
    <Image Include="..\daecheonp.bmp">
      <Filter>리소스 파일</Filter>
    </Image>
    <Image Include="..\busanp.bmp">
      <Filter>리소스 파일</Filter>
    </Image>
    <Image Include="..\daegup.bmp">
      <Filter>리소스 파일</Filter>
    </Image>
    <Image Include="..\ulsanp.bmp">
      <Filter>리소스 파일</Filter>
    </Image>
    <Image Include="..\cheonanp.bmp">
      <Filter>리소스 파일</Filter>
    </Image>
    <Image Include="..\anyangp.bmp">
      <Filter>리소스 파일</Filter>
    </Image>
    <Image Include="..\andongp.bmp">
      <Filter>리소스 파일</Filter>
    </Image>
    <Image Include="..\schp.bmp">
      <Filter>리소스 파일</Filter>
    </Image>
    <Image Include="..\jejup.bmp">
      <Filter>리소스 파일</Filter>
    </Image>
    <Image Include="..\dokdop.bmp">
      <Filter>리소스 파일</Filter>
    </Image>
    <Image Include="..\gangwhap.bmp">
      <Filter>리소스 파일</Filter>
    </Image>
    <Image Include="..\yeosoop.bmp">
      <Filter>리소스 파일</Filter>
    </Image>
    <Image Include="..\jeonjup.bmp">
      <Filter>리소스 파일</Filter>
    </Image>
    <Image Include="..\gangreungp.bmp">
      <Filter>리소스 파일</Filter>
    </Image>
    <Image Include="..\sokchop.bmp">
      <Filter>리소스 파일</Filter>
    </Image>
    <Image Include="..\pyeongchangp.bmp">
      <Filter>리소스 파일</Filter>
    </Image>
    <Image Include="..\pohangp.bmp">
      <Filter>리소스 파일</Filter>
    </Image>
    <Image Include="..\chungyangp.bmp">
      <Filter>리소스 파일</Filter>
    </Image>
    <Image Include="..\damyangp.bmp">
      <Filter>리소스 파일</Filter>
    </Image>
    <Image Include="..\hwingsungp.bmp">
      <Filter>리소스 파일</Filter>
    </Image>
    <Image Include="..\key.bmp">
      <Filter>리소스 파일</Filter>
    </Image>
    <Image Include="..\key2.bmp">
      <Filter>리소스 파일</Filter>
    </Image>
    <Image Include="..\younggwangp.bmp">
      <Filter>리소스 파일</Filter>
    </Image>
    <Image Include="..\ulngp.bmp">
      <Filter>리소스 파일</Filter>
    </Image>
    <Image Include="..\daejeonp.bmp">
      <Filter>리소스 파일</Filter>
    </Image>
    <Image Include="..\travelp.bmp">
      <Filter>리소스 파일</Filter>
    </Image>
    <Image Include="..\imsilp.bmp">
      <Filter>리소스 파일</Filter>
    </Image>
    <Image Include="..\hadongp.bmp">
      <Filter>리소스 파일</Filter>
    </Image>
    <Image Include="..\najup.bmp">
      <Filter>리소스 파일</Filter>
    </Image>
    <Image Include="..\startp.bmp">
      <Filter>리소스 파일</Filter>
    </Image>
    <Image Include="..\taxp.bmp">
      <Filter>리소스 파일</Filter>
    </Image>
    <Image Include="..\bitmap2.bmp">
      <Filter>리소스 파일</Filter>
    </Image>
    <Image Include="..\thiefp.bmp">
      <Filter>리소스 파일</Filter>
    </Image>
    <Image Include="..\hwingsungt.bmp">
      <Filter>리소스 파일</Filter>
    </Image>
    <Image Include="..\pohangt.bmp">
      <Filter>리소스 파일</Filter>
    </Image>
    <Image Include="..\jejut.bmp">
      <Filter>리소스 파일</Filter>
    </Image>
    <Image Include="..\goldkeymain.bmp">
      <Filter>리소스 파일</Filter>
    </Image>
    <Image Include="..\hadongt.bmp">
      <Filter>리소스 파일</Filter>
    </Image>
    <Image Include="..\najut.bmp">
      <Filter>리소스 파일</Filter>
    </Image>
    <Image Include="..\gangreungt.bmp">
      <Filter>리소스 파일</Filter>
    </Image>
    <Image Include="..\damyangt.bmp">
      <Filter>리소스 파일</Filter>
    </Image>
    <Image Include="..\anyangt.bmp">
      <Filter>리소스 파일</Filter>
    </Image>
    <Image Include="..\chungyangt.bmp">
      <Filter>리소스 파일</Filter>
    </Image>
    <Image Include="..\pyungchangt.bmp">
      <Filter>리소스 파일</Filter>
    </Image>
    <Image Include="..\sokchot.bmp">
      <Filter>리소스 파일</Filter>
    </Image>
    <Image Include="..\jeonjut.bmp">
      <Filter>리소스 파일</Filter>
    </Image>
    <Image Include="..\yeusut.bmp">
      <Filter>리소스 파일</Filter>
    </Image>
    <Image Include="..\daecheont.bmp">
      <Filter>리소스 파일</Filter>
    </Image>
    <Image Include="..\cheonant.bmp">
      <Filter>리소스 파일</Filter>
    </Image>
    <Image Include="..\yungwangt.bmp">
      <Filter>리소스 파일</Filter>
    </Image>
    <Image Include="..\imsilt.bmp">
      <Filter>리소스 파일</Filter>
    </Image>
    <Image Include="..\daejeont.bmp">
      <Filter>리소스 파일</Filter>
    </Image>
    <Image Include="..\ulsant.bmp">
      <Filter>리소스 파일</Filter>
    </Image>
    <Image Include="..\busant.bmp">
      <Filter>리소스 파일</Filter>
    </Image>
    <Image Include="..\daegut.bmp">
      <Filter>리소스 파일</Filter>
    </Image>
    <Image Include="..\incheont.bmp">
      <Filter>리소스 파일</Filter>
    </Image>
    <Image Include="..\bitmap5.bmp">
      <Filter>리소스 파일</Filter>
    </Image>
    <Image Include="..\seoult.bmp">
      <Filter>리소스 파일</Filter>
    </Image>
    <Image Include="..\sinchangt.bmp">
      <Filter>리소스 파일</Filter>
    </Image>
    <Image Include="..\dokdot.bmp">
      <Filter>리소스 파일</Filter>
    </Image>
    <Image Include="..\gangwhat.bmp">
      <Filter>리소스 파일</Filter>
    </Image>
    <Image Include="..\ulngt.bmp">
      <Filter>리소스 파일</Filter>
    </Image>
    <Image Include="..\ply1.bmp">
      <Filter>리소스 파일</Filter>
    </Image>
    <Image Include="..\ply2.bmp">
      <Filter>리소스 파일</Filter>
    </Image>
    <Image Include="..\ply3.bmp">
      <Filter>리소스 파일</Filter>
    </Image>
    <Image Include="..\ply4.bmp">
      <Filter>리소스 파일</Filter>
    </Image>
    <Image Include="..\dice1.bmp">
      <Filter>리소스 파일</Filter>
    </Image>
    <Image Include="..\dice2.bmp">
      <Filter>리소스 파일</Filter>
    </Image>
    <Image Include="..\dice3.bmp">
      <Filter>리소스 파일</Filter>
    </Image>
    <Image Include="..\dice4.bmp">
      <Filter>리소스 파일</Filter>
    </Image>
    <Image Include="..\dice5.bmp">
      <Filter>리소스 파일</Filter>
    </Image>
    <Image Include="..\dice6.bmp">
      <Filter>리소스 파일</Filter>
    </Image>
    <Image Include="..\background.bmp">
      <Filter>리소스 파일</Filter>
    </Image>
    <Image Include="..\thieft.bmp">
      <Filter>리소스 파일</Filter>
    </Image>
    <Image Include="..\tripdlg.bmp">
      <Filter>리소스 파일</Filter>
    </Image>
    <Image Include="..\die.bmp">
      <Filter>리소스 파일</Filter>
    </Image>
  </ItemGroup>
</Project>